<?xml version="1.0" encoding="utf-8"?>
<Project ToolsVersion="4.0" xmlns="http://schemas.microsoft.com/developer/msbuild/2003">
  <ItemGroup>
    <ClCompile Include="Application.cpp">
      <Filter>Source\Core</Filter>
    </ClCompile>
    <ClCompile Include="Main.cpp">
      <Filter>Source\Core</Filter>
    </ClCompile>
    <ClCompile Include="Light.cpp">
      <Filter>Source\Helper</Filter>
    </ClCompile>
    <ClCompile Include="glmath.cpp">
      <Filter>Source\Container</Filter>
    </ClCompile>
    <ClCompile Include="Color.cpp">
      <Filter>Source\Container</Filter>
    </ClCompile>
    <ClCompile Include="log.cpp">
      <Filter>Source\Tools</Filter>
    </ClCompile>
    <ClCompile Include="Timer.cpp">
      <Filter>Source\Tools</Filter>
    </ClCompile>
    <ClCompile Include="ModuleAudio.cpp">
      <Filter>Source\Modules</Filter>
    </ClCompile>
    <ClCompile Include="ModuleCamera3D.cpp">
      <Filter>Source\Modules</Filter>
    </ClCompile>
    <ClCompile Include="ModuleInput.cpp">
      <Filter>Source\Modules</Filter>
    </ClCompile>
    <ClCompile Include="ModuleRenderer3D.cpp">
      <Filter>Source\Modules</Filter>
    </ClCompile>
    <ClCompile Include="ModuleSceneIntro.cpp">
      <Filter>Source\Modules</Filter>
    </ClCompile>
    <ClCompile Include="ModuleWindow.cpp">
      <Filter>Source\Modules</Filter>
    </ClCompile>
    <ClCompile Include="Primitive.cpp">
      <Filter>Source\Helper</Filter>
    </ClCompile>
  </ItemGroup>
  <ItemGroup>
    <ClInclude Include="Application.h">
      <Filter>Source\Core</Filter>
    </ClInclude>
    <ClInclude Include="Module.h">
      <Filter>Source\Core</Filter>
    </ClInclude>
    <ClInclude Include="Light.h">
      <Filter>Source\Helper</Filter>
    </ClInclude>
    <ClInclude Include="glmath.h">
      <Filter>Source\Container</Filter>
    </ClInclude>
    <ClInclude Include="Color.h">
      <Filter>Source\Container</Filter>
    </ClInclude>
    <ClInclude Include="Timer.h">
      <Filter>Source\Tools</Filter>
    </ClInclude>
    <ClInclude Include="ModuleAudio.h">
      <Filter>Source\Modules</Filter>
    </ClInclude>
    <ClInclude Include="ModuleCamera3D.h">
      <Filter>Source\Modules</Filter>
    </ClInclude>
    <ClInclude Include="ModuleInput.h">
      <Filter>Source\Modules</Filter>
    </ClInclude>
    <ClInclude Include="ModuleRenderer3D.h">
      <Filter>Source\Modules</Filter>
    </ClInclude>
    <ClInclude Include="ModuleSceneIntro.h">
      <Filter>Source\Modules</Filter>
    </ClInclude>
    <ClInclude Include="ModuleWindow.h">
      <Filter>Source\Modules</Filter>
    </ClInclude>
    <ClInclude Include="Globals.h">
      <Filter>Source\Core</Filter>
    </ClInclude>
    <ClInclude Include="Primitive.h">
      <Filter>Source\Helper</Filter>
    </ClInclude>
  </ItemGroup>
  <ItemGroup>
    <Filter Include="Source">
      <UniqueIdentifier>{0cca2a88-69ec-4ead-b815-316d748eeef5}</UniqueIdentifier>
    </Filter>
    <Filter Include="Source\Container">
      <UniqueIdentifier>{c98fab16-4e26-464c-9f9e-ae62f875e34a}</UniqueIdentifier>
    </Filter>
    <Filter Include="Source\Tools">
      <UniqueIdentifier>{340c3a96-4f0c-4748-a96d-32835716c320}</UniqueIdentifier>
    </Filter>
    <Filter Include="Source\Modules">
      <UniqueIdentifier>{b90de7c4-7d60-4028-bc8a-20a7c79e1ced}</UniqueIdentifier>
    </Filter>
    <Filter Include="Source\Helper">
      <UniqueIdentifier>{cdb39627-9c29-4fdf-918a-7a93762e22d2}</UniqueIdentifier>
    </Filter>
    <Filter Include="Source\Core">
      <UniqueIdentifier>{8e69a14f-89ac-4213-a6cd-3ae0be5aa6bc}</UniqueIdentifier>
    </Filter>
    <Filter Include="Source\External Libs">
      <UniqueIdentifier>{50bdd852-859d-4722-8660-fc40c3d77c11}</UniqueIdentifier>
    </Filter>
    <Filter Include="Source\External Libs\glew">
      <UniqueIdentifier>{e050e9ee-e02c-4a13-affc-0df1ebf601d4}</UniqueIdentifier>
    </Filter>
    <Filter Include="Source\External Libs\Imgui">
      <UniqueIdentifier>{33e3bac5-7ffb-4109-aeb7-225dea86011c}</UniqueIdentifier>
    </Filter>
  </ItemGroup>
</Project>