<?xml version="1.0" encoding="utf-8"?>
<Project ToolsVersion="4.0" xmlns="http://schemas.microsoft.com/developer/msbuild/2003">
  <ItemGroup>
    <ClCompile Include="Application.cpp">
      <Filter>Source\Core</Filter>
    </ClCompile>
    <ClCompile Include="Main.cpp">
      <Filter>Source\Core</Filter>
    </ClCompile>
    <ClCompile Include="Color.cpp">
      <Filter>Source\Container</Filter>
    </ClCompile>
    <ClCompile Include="glmath.cpp">
      <Filter>Source\Container</Filter>
    </ClCompile>
    <ClCompile Include="Light.cpp">
      <Filter>Source\Helper</Filter>
    </ClCompile>
    <ClCompile Include="Timer.cpp">
      <Filter>Source\Tools</Filter>
    </ClCompile>
    <ClCompile Include="log.cpp">
      <Filter>Source\Tools</Filter>
    </ClCompile>
    <ClCompile Include="ModuleCamera3D.cpp">
      <Filter>Source\Modules</Filter>
    </ClCompile>
    <ClCompile Include="ModuleInput.cpp">
      <Filter>Source\Modules</Filter>
    </ClCompile>
    <ClCompile Include="ModuleRenderer3D.cpp">
      <Filter>Source\Modules</Filter>
    </ClCompile>
    <ClCompile Include="ModuleWindow.cpp">
      <Filter>Source\Modules</Filter>
    </ClCompile>
    <ClCompile Include="libraries\ImGui\imgui.cpp">
      <Filter>Source\External Libraries\ImGui</Filter>
    </ClCompile>
    <ClCompile Include="libraries\ImGui\imgui_demo.cpp">
      <Filter>Source\External Libraries\ImGui</Filter>
    </ClCompile>
    <ClCompile Include="libraries\ImGui\imgui_draw.cpp">
      <Filter>Source\External Libraries\ImGui</Filter>
    </ClCompile>
    <ClCompile Include="libraries\ImGui\imgui_impl_opengl3.cpp">
      <Filter>Source\External Libraries\ImGui</Filter>
    </ClCompile>
    <ClCompile Include="libraries\ImGui\imgui_impl_sdl.cpp">
      <Filter>Source\External Libraries\ImGui</Filter>
    </ClCompile>
    <ClCompile Include="libraries\ImGui\imgui_widgets.cpp">
      <Filter>Source\External Libraries\ImGui</Filter>
    </ClCompile>
    <ClCompile Include="Primitive.cpp">
      <Filter>Source\Helper</Filter>
    </ClCompile>
    <ClCompile Include="ModuleMeshImporter.cpp">
      <Filter>Source\Modules\Importers</Filter>
    </ClCompile>
    <ClCompile Include="ModuleTextureImporter.cpp">
      <Filter>Source\Modules\Importers</Filter>
    </ClCompile>
    <ClCompile Include="ModuleHierarchy.cpp">
      <Filter>Source\Modules\UI\GameObjects</Filter>
    </ClCompile>
    <ClCompile Include="ModuleInspector.cpp">
      <Filter>Source\Modules\UI\GameObjects</Filter>
    </ClCompile>
    <ClCompile Include="ModuleGeometryManager.cpp">
      <Filter>Source\Modules</Filter>
    </ClCompile>
    <ClCompile Include="ModuleEditor.cpp">
      <Filter>Source\Modules\UI</Filter>
    </ClCompile>
    <ClCompile Include="libraries\mmgr\mmgr.cpp">
      <Filter>Source\External Libraries\mmgr</Filter>
    </ClCompile>
    <ClCompile Include="FileSystem.cpp">
      <Filter>Source\FileManagers</Filter>
    </ClCompile>
    <ClCompile Include="ResourceManager.cpp">
      <Filter>Source\FileManagers</Filter>
    </ClCompile>
    <ClCompile Include="ModuleScene.cpp">
      <Filter>Source\Modules</Filter>
    </ClCompile>
    <ClCompile Include="Game_Time.cpp">
      <Filter>Source\Tools</Filter>
    </ClCompile>
    <ClCompile Include="JScene.cpp">
      <Filter>Source\Tools</Filter>
    </ClCompile>
    <ClCompile Include="libraries\Parson\parson.c">
      <Filter>Source\External Libraries\Parson</Filter>
    </ClCompile>
    <ClCompile Include="ComponentMesh.cpp">
      <Filter>Source\Components</Filter>
    </ClCompile>
    <ClCompile Include="ComponentTexture.cpp">
      <Filter>Source\Components</Filter>
    </ClCompile>
    <ClCompile Include="ComponentTransform.cpp">
      <Filter>Source\Components</Filter>
    </ClCompile>
    <ClCompile Include="GameObject.cpp">
      <Filter>Source\Components</Filter>
    </ClCompile>
    <ClCompile Include="ComponentCamera.cpp">
      <Filter>Source\Components</Filter>
    </ClCompile>
    <ClCompile Include="libraries\MathGeoLib\include\Algorithm\GJK.cpp">
      <Filter>Source\External Libraries\MathGeoLib</Filter>
    </ClCompile>
    <ClCompile Include="libraries\MathGeoLib\include\Algorithm\GJK2D.cpp">
      <Filter>Source\External Libraries\MathGeoLib</Filter>
    </ClCompile>
    <ClCompile Include="libraries\MathGeoLib\include\Algorithm\SAT.cpp">
      <Filter>Source\External Libraries\MathGeoLib</Filter>
    </ClCompile>
    <ClCompile Include="libraries\MathGeoLib\include\Algorithm\Random\LCG.cpp">
      <Filter>Source\External Libraries\MathGeoLib</Filter>
    </ClCompile>
    <ClCompile Include="libraries\MathGeoLib\include\Geometry\AABB.cpp">
      <Filter>Source\External Libraries\MathGeoLib</Filter>
    </ClCompile>
    <ClCompile Include="libraries\MathGeoLib\include\Geometry\Capsule.cpp">
      <Filter>Source\External Libraries\MathGeoLib</Filter>
    </ClCompile>
    <ClCompile Include="libraries\MathGeoLib\include\Geometry\Circle.cpp">
      <Filter>Source\External Libraries\MathGeoLib</Filter>
    </ClCompile>
    <ClCompile Include="libraries\MathGeoLib\include\Geometry\Circle2D.cpp">
      <Filter>Source\External Libraries\MathGeoLib</Filter>
    </ClCompile>
    <ClCompile Include="libraries\MathGeoLib\include\Geometry\Frustum.cpp">
      <Filter>Source\External Libraries\MathGeoLib</Filter>
    </ClCompile>
    <ClCompile Include="libraries\MathGeoLib\include\Geometry\Line.cpp">
      <Filter>Source\External Libraries\MathGeoLib</Filter>
    </ClCompile>
    <ClCompile Include="libraries\MathGeoLib\include\Geometry\LineSegment.cpp">
      <Filter>Source\External Libraries\MathGeoLib</Filter>
    </ClCompile>
    <ClCompile Include="libraries\MathGeoLib\include\Geometry\LineSegment2D.cpp">
      <Filter>Source\External Libraries\MathGeoLib</Filter>
    </ClCompile>
    <ClCompile Include="libraries\MathGeoLib\include\Geometry\OBB.cpp">
      <Filter>Source\External Libraries\MathGeoLib</Filter>
    </ClCompile>
    <ClCompile Include="libraries\MathGeoLib\include\Geometry\PBVolume.cpp">
      <Filter>Source\External Libraries\MathGeoLib</Filter>
    </ClCompile>
    <ClCompile Include="libraries\MathGeoLib\include\Geometry\Plane.cpp">
      <Filter>Source\External Libraries\MathGeoLib</Filter>
    </ClCompile>
    <ClCompile Include="libraries\MathGeoLib\include\Geometry\Polygon.cpp">
      <Filter>Source\External Libraries\MathGeoLib</Filter>
    </ClCompile>
    <ClCompile Include="libraries\MathGeoLib\include\Geometry\Polyhedron.cpp">
      <Filter>Source\External Libraries\MathGeoLib</Filter>
    </ClCompile>
    <ClCompile Include="libraries\MathGeoLib\include\Geometry\Ray.cpp">
      <Filter>Source\External Libraries\MathGeoLib</Filter>
    </ClCompile>
    <ClCompile Include="libraries\MathGeoLib\include\Geometry\Sphere.cpp">
      <Filter>Source\External Libraries\MathGeoLib</Filter>
    </ClCompile>
    <ClCompile Include="libraries\MathGeoLib\include\Geometry\Triangle.cpp">
      <Filter>Source\External Libraries\MathGeoLib</Filter>
    </ClCompile>
    <ClCompile Include="libraries\MathGeoLib\include\Geometry\Triangle2D.cpp">
      <Filter>Source\External Libraries\MathGeoLib</Filter>
    </ClCompile>
    <ClCompile Include="libraries\MathGeoLib\include\Geometry\TriangleMesh.cpp">
      <Filter>Source\External Libraries\MathGeoLib</Filter>
    </ClCompile>
    <ClCompile Include="libraries\MathGeoLib\include\Math\BitOps.cpp">
      <Filter>Source\External Libraries\MathGeoLib</Filter>
    </ClCompile>
    <ClCompile Include="libraries\MathGeoLib\include\Math\Callstack.cpp">
      <Filter>Source\External Libraries\MathGeoLib</Filter>
    </ClCompile>
    <ClCompile Include="libraries\MathGeoLib\include\Math\float2.cpp">
      <Filter>Source\External Libraries\MathGeoLib</Filter>
    </ClCompile>
    <ClCompile Include="libraries\MathGeoLib\include\Math\float3.cpp">
      <Filter>Source\External Libraries\MathGeoLib</Filter>
    </ClCompile>
    <ClCompile Include="libraries\MathGeoLib\include\Math\float3x3.cpp">
      <Filter>Source\External Libraries\MathGeoLib</Filter>
    </ClCompile>
    <ClCompile Include="libraries\MathGeoLib\include\Math\float3x4.cpp">
      <Filter>Source\External Libraries\MathGeoLib</Filter>
    </ClCompile>
    <ClCompile Include="libraries\MathGeoLib\include\Math\float4.cpp">
      <Filter>Source\External Libraries\MathGeoLib</Filter>
    </ClCompile>
    <ClCompile Include="libraries\MathGeoLib\include\Math\float4d.cpp">
      <Filter>Source\External Libraries\MathGeoLib</Filter>
    </ClCompile>
    <ClCompile Include="libraries\MathGeoLib\include\Math\float4x4.cpp">
      <Filter>Source\External Libraries\MathGeoLib</Filter>
    </ClCompile>
    <ClCompile Include="libraries\MathGeoLib\include\Math\grisu3.c">
      <Filter>Source\External Libraries\MathGeoLib</Filter>
    </ClCompile>
    <ClCompile Include="libraries\MathGeoLib\include\Math\grisu3_cpp.cpp">
      <Filter>Source\External Libraries\MathGeoLib</Filter>
    </ClCompile>
    <ClCompile Include="libraries\MathGeoLib\include\Math\MathFunc.cpp">
      <Filter>Source\External Libraries\MathGeoLib</Filter>
    </ClCompile>
    <ClCompile Include="libraries\MathGeoLib\include\Math\MathLog.cpp">
      <Filter>Source\External Libraries\MathGeoLib</Filter>
    </ClCompile>
    <ClCompile Include="libraries\MathGeoLib\include\Math\MathOps.cpp">
      <Filter>Source\External Libraries\MathGeoLib</Filter>
    </ClCompile>
    <ClCompile Include="libraries\MathGeoLib\include\Math\MiniFloat.cpp">
      <Filter>Source\External Libraries\MathGeoLib</Filter>
    </ClCompile>
    <ClCompile Include="libraries\MathGeoLib\include\Math\Polynomial.cpp">
      <Filter>Source\External Libraries\MathGeoLib</Filter>
    </ClCompile>
    <ClCompile Include="libraries\MathGeoLib\include\Math\Quat.cpp">
      <Filter>Source\External Libraries\MathGeoLib</Filter>
    </ClCompile>
    <ClCompile Include="libraries\MathGeoLib\include\Math\SSEMath.cpp">
      <Filter>Source\External Libraries\MathGeoLib</Filter>
    </ClCompile>
    <ClCompile Include="libraries\MathGeoLib\include\Math\TransformOps.cpp">
      <Filter>Source\External Libraries\MathGeoLib</Filter>
    </ClCompile>
    <ClCompile Include="libraries\MathGeoLib\include\Time\Clock.cpp">
      <Filter>Source\External Libraries\MathGeoLib</Filter>
    </ClCompile>
    <ClCompile Include="libraries\imGuizmo\ImCurveEdit.cpp">
      <Filter>Source\External Libraries\ImGuizmo</Filter>
    </ClCompile>
    <ClCompile Include="libraries\imGuizmo\ImGradient.cpp">
      <Filter>Source\External Libraries\ImGuizmo</Filter>
    </ClCompile>
    <ClCompile Include="libraries\imGuizmo\ImGuizmo.cpp">
      <Filter>Source\External Libraries\ImGuizmo</Filter>
    </ClCompile>
    <ClCompile Include="libraries\imGuizmo\ImSequencer.cpp">
      <Filter>Source\External Libraries\ImGuizmo</Filter>
    </ClCompile>
  </ItemGroup>
  <ItemGroup>
    <ClInclude Include="Application.h">
      <Filter>Source\Core</Filter>
    </ClInclude>
    <ClInclude Include="Module.h">
      <Filter>Source\Core</Filter>
    </ClInclude>
    <ClInclude Include="Color.h">
      <Filter>Source\Container</Filter>
    </ClInclude>
    <ClInclude Include="glmath.h">
      <Filter>Source\Container</Filter>
    </ClInclude>
    <ClInclude Include="Light.h">
      <Filter>Source\Helper</Filter>
    </ClInclude>
    <ClInclude Include="Timer.h">
      <Filter>Source\Tools</Filter>
    </ClInclude>
    <ClInclude Include="Globals.h">
      <Filter>Source\Tools</Filter>
    </ClInclude>
    <ClInclude Include="ModuleCamera3D.h">
      <Filter>Source\Modules</Filter>
    </ClInclude>
    <ClInclude Include="ModuleInput.h">
      <Filter>Source\Modules</Filter>
    </ClInclude>
    <ClInclude Include="ModuleRenderer3D.h">
      <Filter>Source\Modules</Filter>
    </ClInclude>
    <ClInclude Include="ModuleWindow.h">
      <Filter>Source\Modules</Filter>
    </ClInclude>
    <ClInclude Include="Definitions.h">
      <Filter>Source\Tools</Filter>
    </ClInclude>
    <ClInclude Include="libraries\ImGui\imconfig.h">
      <Filter>Source\External Libraries\ImGui</Filter>
    </ClInclude>
    <ClInclude Include="libraries\ImGui\imgui.h">
      <Filter>Source\External Libraries\ImGui</Filter>
    </ClInclude>
    <ClInclude Include="libraries\ImGui\imgui_impl_opengl3.h">
      <Filter>Source\External Libraries\ImGui</Filter>
    </ClInclude>
    <ClInclude Include="libraries\ImGui\imgui_impl_sdl.h">
      <Filter>Source\External Libraries\ImGui</Filter>
    </ClInclude>
    <ClInclude Include="libraries\ImGui\imgui_internal.h">
      <Filter>Source\External Libraries\ImGui</Filter>
    </ClInclude>
    <ClInclude Include="libraries\ImGui\imstb_rectpack.h">
      <Filter>Source\External Libraries\ImGui</Filter>
    </ClInclude>
    <ClInclude Include="libraries\ImGui\imstb_textedit.h">
      <Filter>Source\External Libraries\ImGui</Filter>
    </ClInclude>
    <ClInclude Include="libraries\ImGui\imstb_truetype.h">
      <Filter>Source\External Libraries\ImGui</Filter>
    </ClInclude>
    <ClInclude Include="Primitive.h">
      <Filter>Source\Helper</Filter>
    </ClInclude>
    <ClInclude Include="libraries\json\json.hpp">
      <Filter>Source\External Libraries\Json</Filter>
    </ClInclude>
    <ClInclude Include="libraries\Glew\include\GL\eglew.h">
      <Filter>Source\External Libraries\glew</Filter>
    </ClInclude>
    <ClInclude Include="libraries\Glew\include\GL\glew.h">
      <Filter>Source\External Libraries\glew</Filter>
    </ClInclude>
    <ClInclude Include="libraries\Glew\include\GL\glxew.h">
      <Filter>Source\External Libraries\glew</Filter>
    </ClInclude>
    <ClInclude Include="libraries\Glew\include\GL\wglew.h">
      <Filter>Source\External Libraries\glew</Filter>
    </ClInclude>
    <ClInclude Include="libraries\Assimp\Assimp\include\ai_assert.h">
      <Filter>Source\External Libraries\Assimp</Filter>
    </ClInclude>
    <ClInclude Include="libraries\Assimp\Assimp\include\anim.h">
      <Filter>Source\External Libraries\Assimp</Filter>
    </ClInclude>
    <ClInclude Include="libraries\Assimp\Assimp\include\camera.h">
      <Filter>Source\External Libraries\Assimp</Filter>
    </ClInclude>
    <ClInclude Include="libraries\Assimp\Assimp\include\cexport.h">
      <Filter>Source\External Libraries\Assimp</Filter>
    </ClInclude>
    <ClInclude Include="libraries\Assimp\Assimp\include\cfileio.h">
      <Filter>Source\External Libraries\Assimp</Filter>
    </ClInclude>
    <ClInclude Include="libraries\Assimp\Assimp\include\cimport.h">
      <Filter>Source\External Libraries\Assimp</Filter>
    </ClInclude>
    <ClInclude Include="libraries\Assimp\Assimp\include\color4.h">
      <Filter>Source\External Libraries\Assimp</Filter>
    </ClInclude>
    <ClInclude Include="libraries\Assimp\Assimp\include\config.h">
      <Filter>Source\External Libraries\Assimp</Filter>
    </ClInclude>
    <ClInclude Include="libraries\Assimp\Assimp\include\DefaultLogger.hpp">
      <Filter>Source\External Libraries\Assimp</Filter>
    </ClInclude>
    <ClInclude Include="libraries\Assimp\Assimp\include\defs.h">
      <Filter>Source\External Libraries\Assimp</Filter>
    </ClInclude>
    <ClInclude Include="libraries\Assimp\Assimp\include\Exporter.hpp">
      <Filter>Source\External Libraries\Assimp</Filter>
    </ClInclude>
    <ClInclude Include="libraries\Assimp\Assimp\include\Importer.hpp">
      <Filter>Source\External Libraries\Assimp</Filter>
    </ClInclude>
    <ClInclude Include="libraries\Assimp\Assimp\include\importerdesc.h">
      <Filter>Source\External Libraries\Assimp</Filter>
    </ClInclude>
    <ClInclude Include="libraries\Assimp\Assimp\include\IOStream.hpp">
      <Filter>Source\External Libraries\Assimp</Filter>
    </ClInclude>
    <ClInclude Include="libraries\Assimp\Assimp\include\IOSystem.hpp">
      <Filter>Source\External Libraries\Assimp</Filter>
    </ClInclude>
    <ClInclude Include="libraries\Assimp\Assimp\include\light.h">
      <Filter>Source\External Libraries\Assimp</Filter>
    </ClInclude>
    <ClInclude Include="libraries\Assimp\Assimp\include\Logger.hpp">
      <Filter>Source\External Libraries\Assimp</Filter>
    </ClInclude>
    <ClInclude Include="libraries\Assimp\Assimp\include\LogStream.hpp">
      <Filter>Source\External Libraries\Assimp</Filter>
    </ClInclude>
    <ClInclude Include="libraries\Assimp\Assimp\include\material.h">
      <Filter>Source\External Libraries\Assimp</Filter>
    </ClInclude>
    <ClInclude Include="libraries\Assimp\Assimp\include\matrix3x3.h">
      <Filter>Source\External Libraries\Assimp</Filter>
    </ClInclude>
    <ClInclude Include="libraries\Assimp\Assimp\include\matrix4x4.h">
      <Filter>Source\External Libraries\Assimp</Filter>
    </ClInclude>
    <ClInclude Include="libraries\Assimp\Assimp\include\mesh.h">
      <Filter>Source\External Libraries\Assimp</Filter>
    </ClInclude>
    <ClInclude Include="libraries\Assimp\Assimp\include\metadata.h">
      <Filter>Source\External Libraries\Assimp</Filter>
    </ClInclude>
    <ClInclude Include="libraries\Assimp\Assimp\include\NullLogger.hpp">
      <Filter>Source\External Libraries\Assimp</Filter>
    </ClInclude>
    <ClInclude Include="libraries\Assimp\Assimp\include\postprocess.h">
      <Filter>Source\External Libraries\Assimp</Filter>
    </ClInclude>
    <ClInclude Include="libraries\Assimp\Assimp\include\ProgressHandler.hpp">
      <Filter>Source\External Libraries\Assimp</Filter>
    </ClInclude>
    <ClInclude Include="libraries\Assimp\Assimp\include\quaternion.h">
      <Filter>Source\External Libraries\Assimp</Filter>
    </ClInclude>
    <ClInclude Include="libraries\Assimp\Assimp\include\scene.h">
      <Filter>Source\External Libraries\Assimp</Filter>
    </ClInclude>
    <ClInclude Include="libraries\Assimp\Assimp\include\texture.h">
      <Filter>Source\External Libraries\Assimp</Filter>
    </ClInclude>
    <ClInclude Include="libraries\Assimp\Assimp\include\types.h">
      <Filter>Source\External Libraries\Assimp</Filter>
    </ClInclude>
    <ClInclude Include="libraries\Assimp\Assimp\include\vector2.h">
      <Filter>Source\External Libraries\Assimp</Filter>
    </ClInclude>
    <ClInclude Include="libraries\Assimp\Assimp\include\vector3.h">
      <Filter>Source\External Libraries\Assimp</Filter>
    </ClInclude>
    <ClInclude Include="libraries\Assimp\Assimp\include\version.h">
      <Filter>Source\External Libraries\Assimp</Filter>
    </ClInclude>
    <ClInclude Include="libraries\SDL\include\begin_code.h">
      <Filter>Source\External Libraries\SDL</Filter>
    </ClInclude>
    <ClInclude Include="libraries\SDL\include\close_code.h">
      <Filter>Source\External Libraries\SDL</Filter>
    </ClInclude>
    <ClInclude Include="libraries\SDL\include\SDL.h">
      <Filter>Source\External Libraries\SDL</Filter>
    </ClInclude>
    <ClInclude Include="libraries\SDL\include\SDL_assert.h">
      <Filter>Source\External Libraries\SDL</Filter>
    </ClInclude>
    <ClInclude Include="libraries\SDL\include\SDL_atomic.h">
      <Filter>Source\External Libraries\SDL</Filter>
    </ClInclude>
    <ClInclude Include="libraries\SDL\include\SDL_audio.h">
      <Filter>Source\External Libraries\SDL</Filter>
    </ClInclude>
    <ClInclude Include="libraries\SDL\include\SDL_bits.h">
      <Filter>Source\External Libraries\SDL</Filter>
    </ClInclude>
    <ClInclude Include="libraries\SDL\include\SDL_blendmode.h">
      <Filter>Source\External Libraries\SDL</Filter>
    </ClInclude>
    <ClInclude Include="libraries\SDL\include\SDL_clipboard.h">
      <Filter>Source\External Libraries\SDL</Filter>
    </ClInclude>
    <ClInclude Include="libraries\SDL\include\SDL_config.h">
      <Filter>Source\External Libraries\SDL</Filter>
    </ClInclude>
    <ClInclude Include="libraries\SDL\include\SDL_cpuinfo.h">
      <Filter>Source\External Libraries\SDL</Filter>
    </ClInclude>
    <ClInclude Include="libraries\SDL\include\SDL_egl.h">
      <Filter>Source\External Libraries\SDL</Filter>
    </ClInclude>
    <ClInclude Include="libraries\SDL\include\SDL_endian.h">
      <Filter>Source\External Libraries\SDL</Filter>
    </ClInclude>
    <ClInclude Include="libraries\SDL\include\SDL_error.h">
      <Filter>Source\External Libraries\SDL</Filter>
    </ClInclude>
    <ClInclude Include="libraries\SDL\include\SDL_events.h">
      <Filter>Source\External Libraries\SDL</Filter>
    </ClInclude>
    <ClInclude Include="libraries\SDL\include\SDL_filesystem.h">
      <Filter>Source\External Libraries\SDL</Filter>
    </ClInclude>
    <ClInclude Include="libraries\SDL\include\SDL_gamecontroller.h">
      <Filter>Source\External Libraries\SDL</Filter>
    </ClInclude>
    <ClInclude Include="libraries\SDL\include\SDL_gesture.h">
      <Filter>Source\External Libraries\SDL</Filter>
    </ClInclude>
    <ClInclude Include="libraries\SDL\include\SDL_haptic.h">
      <Filter>Source\External Libraries\SDL</Filter>
    </ClInclude>
    <ClInclude Include="libraries\SDL\include\SDL_hints.h">
      <Filter>Source\External Libraries\SDL</Filter>
    </ClInclude>
    <ClInclude Include="libraries\SDL\include\SDL_joystick.h">
      <Filter>Source\External Libraries\SDL</Filter>
    </ClInclude>
    <ClInclude Include="libraries\SDL\include\SDL_keyboard.h">
      <Filter>Source\External Libraries\SDL</Filter>
    </ClInclude>
    <ClInclude Include="libraries\SDL\include\SDL_keycode.h">
      <Filter>Source\External Libraries\SDL</Filter>
    </ClInclude>
    <ClInclude Include="libraries\SDL\include\SDL_loadso.h">
      <Filter>Source\External Libraries\SDL</Filter>
    </ClInclude>
    <ClInclude Include="libraries\SDL\include\SDL_log.h">
      <Filter>Source\External Libraries\SDL</Filter>
    </ClInclude>
    <ClInclude Include="libraries\SDL\include\SDL_main.h">
      <Filter>Source\External Libraries\SDL</Filter>
    </ClInclude>
    <ClInclude Include="libraries\SDL\include\SDL_messagebox.h">
      <Filter>Source\External Libraries\SDL</Filter>
    </ClInclude>
    <ClInclude Include="libraries\SDL\include\SDL_mouse.h">
      <Filter>Source\External Libraries\SDL</Filter>
    </ClInclude>
    <ClInclude Include="libraries\SDL\include\SDL_mutex.h">
      <Filter>Source\External Libraries\SDL</Filter>
    </ClInclude>
    <ClInclude Include="libraries\SDL\include\SDL_name.h">
      <Filter>Source\External Libraries\SDL</Filter>
    </ClInclude>
    <ClInclude Include="libraries\SDL\include\SDL_opengl.h">
      <Filter>Source\External Libraries\SDL</Filter>
    </ClInclude>
    <ClInclude Include="libraries\SDL\include\SDL_opengl_glext.h">
      <Filter>Source\External Libraries\SDL</Filter>
    </ClInclude>
    <ClInclude Include="libraries\SDL\include\SDL_opengles.h">
      <Filter>Source\External Libraries\SDL</Filter>
    </ClInclude>
    <ClInclude Include="libraries\SDL\include\SDL_opengles2.h">
      <Filter>Source\External Libraries\SDL</Filter>
    </ClInclude>
    <ClInclude Include="libraries\SDL\include\SDL_opengles2_gl2.h">
      <Filter>Source\External Libraries\SDL</Filter>
    </ClInclude>
    <ClInclude Include="libraries\SDL\include\SDL_opengles2_gl2ext.h">
      <Filter>Source\External Libraries\SDL</Filter>
    </ClInclude>
    <ClInclude Include="libraries\SDL\include\SDL_opengles2_gl2platform.h">
      <Filter>Source\External Libraries\SDL</Filter>
    </ClInclude>
    <ClInclude Include="libraries\SDL\include\SDL_opengles2_khrplatform.h">
      <Filter>Source\External Libraries\SDL</Filter>
    </ClInclude>
    <ClInclude Include="libraries\SDL\include\SDL_pixels.h">
      <Filter>Source\External Libraries\SDL</Filter>
    </ClInclude>
    <ClInclude Include="libraries\SDL\include\SDL_platform.h">
      <Filter>Source\External Libraries\SDL</Filter>
    </ClInclude>
    <ClInclude Include="libraries\SDL\include\SDL_power.h">
      <Filter>Source\External Libraries\SDL</Filter>
    </ClInclude>
    <ClInclude Include="libraries\SDL\include\SDL_quit.h">
      <Filter>Source\External Libraries\SDL</Filter>
    </ClInclude>
    <ClInclude Include="libraries\SDL\include\SDL_rect.h">
      <Filter>Source\External Libraries\SDL</Filter>
    </ClInclude>
    <ClInclude Include="libraries\SDL\include\SDL_render.h">
      <Filter>Source\External Libraries\SDL</Filter>
    </ClInclude>
    <ClInclude Include="libraries\SDL\include\SDL_revision.h">
      <Filter>Source\External Libraries\SDL</Filter>
    </ClInclude>
    <ClInclude Include="libraries\SDL\include\SDL_rwops.h">
      <Filter>Source\External Libraries\SDL</Filter>
    </ClInclude>
    <ClInclude Include="libraries\SDL\include\SDL_scancode.h">
      <Filter>Source\External Libraries\SDL</Filter>
    </ClInclude>
    <ClInclude Include="libraries\SDL\include\SDL_shape.h">
      <Filter>Source\External Libraries\SDL</Filter>
    </ClInclude>
    <ClInclude Include="libraries\SDL\include\SDL_stdinc.h">
      <Filter>Source\External Libraries\SDL</Filter>
    </ClInclude>
    <ClInclude Include="libraries\SDL\include\SDL_surface.h">
      <Filter>Source\External Libraries\SDL</Filter>
    </ClInclude>
    <ClInclude Include="libraries\SDL\include\SDL_system.h">
      <Filter>Source\External Libraries\SDL</Filter>
    </ClInclude>
    <ClInclude Include="libraries\SDL\include\SDL_syswm.h">
      <Filter>Source\External Libraries\SDL</Filter>
    </ClInclude>
    <ClInclude Include="libraries\SDL\include\SDL_test.h">
      <Filter>Source\External Libraries\SDL</Filter>
    </ClInclude>
    <ClInclude Include="libraries\SDL\include\SDL_test_assert.h">
      <Filter>Source\External Libraries\SDL</Filter>
    </ClInclude>
    <ClInclude Include="libraries\SDL\include\SDL_test_common.h">
      <Filter>Source\External Libraries\SDL</Filter>
    </ClInclude>
    <ClInclude Include="libraries\SDL\include\SDL_test_compare.h">
      <Filter>Source\External Libraries\SDL</Filter>
    </ClInclude>
    <ClInclude Include="libraries\SDL\include\SDL_test_crc32.h">
      <Filter>Source\External Libraries\SDL</Filter>
    </ClInclude>
    <ClInclude Include="libraries\SDL\include\SDL_test_font.h">
      <Filter>Source\External Libraries\SDL</Filter>
    </ClInclude>
    <ClInclude Include="libraries\SDL\include\SDL_test_fuzzer.h">
      <Filter>Source\External Libraries\SDL</Filter>
    </ClInclude>
    <ClInclude Include="libraries\SDL\include\SDL_test_harness.h">
      <Filter>Source\External Libraries\SDL</Filter>
    </ClInclude>
    <ClInclude Include="libraries\SDL\include\SDL_test_images.h">
      <Filter>Source\External Libraries\SDL</Filter>
    </ClInclude>
    <ClInclude Include="libraries\SDL\include\SDL_test_log.h">
      <Filter>Source\External Libraries\SDL</Filter>
    </ClInclude>
    <ClInclude Include="libraries\SDL\include\SDL_test_md5.h">
      <Filter>Source\External Libraries\SDL</Filter>
    </ClInclude>
    <ClInclude Include="libraries\SDL\include\SDL_test_random.h">
      <Filter>Source\External Libraries\SDL</Filter>
    </ClInclude>
    <ClInclude Include="libraries\SDL\include\SDL_thread.h">
      <Filter>Source\External Libraries\SDL</Filter>
    </ClInclude>
    <ClInclude Include="libraries\SDL\include\SDL_timer.h">
      <Filter>Source\External Libraries\SDL</Filter>
    </ClInclude>
    <ClInclude Include="libraries\SDL\include\SDL_touch.h">
      <Filter>Source\External Libraries\SDL</Filter>
    </ClInclude>
    <ClInclude Include="libraries\SDL\include\SDL_types.h">
      <Filter>Source\External Libraries\SDL</Filter>
    </ClInclude>
    <ClInclude Include="libraries\SDL\include\SDL_version.h">
      <Filter>Source\External Libraries\SDL</Filter>
    </ClInclude>
    <ClInclude Include="libraries\SDL\include\SDL_video.h">
      <Filter>Source\External Libraries\SDL</Filter>
    </ClInclude>
    <ClInclude Include="ModuleMeshImporter.h">
      <Filter>Source\Modules\Importers</Filter>
    </ClInclude>
    <ClInclude Include="ModuleTextureImporter.h">
      <Filter>Source\Modules\Importers</Filter>
    </ClInclude>
    <ClInclude Include="ModuleHierarchy.h">
      <Filter>Source\Modules\UI\GameObjects</Filter>
    </ClInclude>
    <ClInclude Include="ModuleInspector.h">
      <Filter>Source\Modules\UI\GameObjects</Filter>
    </ClInclude>
    <ClInclude Include="ModuleGeometryManager.h">
      <Filter>Source\Modules</Filter>
    </ClInclude>
    <ClInclude Include="libraries\DevIL\include\config.h">
      <Filter>Source\External Libraries\Devil</Filter>
    </ClInclude>
    <ClInclude Include="libraries\DevIL\include\devil_internal_exports.h">
      <Filter>Source\External Libraries\Devil</Filter>
    </ClInclude>
    <ClInclude Include="libraries\DevIL\include\il.h">
      <Filter>Source\External Libraries\Devil</Filter>
    </ClInclude>
    <ClInclude Include="libraries\DevIL\include\il_wrap.h">
      <Filter>Source\External Libraries\Devil</Filter>
    </ClInclude>
    <ClInclude Include="libraries\DevIL\include\ilu.h">
      <Filter>Source\External Libraries\Devil</Filter>
    </ClInclude>
    <ClInclude Include="libraries\DevIL\include\ilu_region.h">
      <Filter>Source\External Libraries\Devil</Filter>
    </ClInclude>
    <ClInclude Include="libraries\DevIL\include\ilut.h">
      <Filter>Source\External Libraries\Devil</Filter>
    </ClInclude>
    <ClInclude Include="libraries\DevIL\include\ilut_config.h">
      <Filter>Source\External Libraries\Devil</Filter>
    </ClInclude>
    <ClInclude Include="ModuleEditor.h">
      <Filter>Source\Modules\UI</Filter>
    </ClInclude>
    <ClInclude Include="libraries\mmgr\mmgr.h">
      <Filter>Source\External Libraries\mmgr</Filter>
    </ClInclude>
    <ClInclude Include="libraries\mmgr\nommgr.h">
      <Filter>Source\External Libraries\mmgr</Filter>
    </ClInclude>
    <ClInclude Include="FileSystem.h">
      <Filter>Source\FileManagers</Filter>
    </ClInclude>
    <ClInclude Include="ResourceManager.h">
      <Filter>Source\FileManagers</Filter>
    </ClInclude>
    <ClInclude Include="ModuleScene.h">
      <Filter>Source\Modules</Filter>
    </ClInclude>
    <ClInclude Include="Game_Time.h">
      <Filter>Source\Tools</Filter>
    </ClInclude>
    <ClInclude Include="JScene.h">
      <Filter>Source\Tools</Filter>
    </ClInclude>
    <ClInclude Include="libraries\Parson\parson.h">
      <Filter>Source\External Libraries\Parson</Filter>
    </ClInclude>
    <ClInclude Include="Component.h">
      <Filter>Source\Components</Filter>
    </ClInclude>
    <ClInclude Include="ComponentCamera.h">
      <Filter>Source\Components</Filter>
    </ClInclude>
    <ClInclude Include="ComponentMesh.h">
      <Filter>Source\Components</Filter>
    </ClInclude>
    <ClInclude Include="ComponentTexture.h">
      <Filter>Source\Components</Filter>
    </ClInclude>
    <ClInclude Include="ComponentTransform.h">
      <Filter>Source\Components</Filter>
    </ClInclude>
    <ClInclude Include="GameObject.h">
      <Filter>Source\Components</Filter>
    </ClInclude>
    <ClInclude Include="libraries\PhysFS\include\physfs.h">
      <Filter>Source\External Libraries\PhysFS</Filter>
    </ClInclude>
    <ClInclude Include="libraries\MathGeoLib\include\MathBuildConfig.h">
      <Filter>Source\External Libraries\MathGeoLib</Filter>
    </ClInclude>
    <ClInclude Include="libraries\MathGeoLib\include\MathGeoLib.h">
      <Filter>Source\External Libraries\MathGeoLib</Filter>
    </ClInclude>
    <ClInclude Include="libraries\MathGeoLib\include\MathGeoLibFwd.h">
      <Filter>Source\External Libraries\MathGeoLib</Filter>
    </ClInclude>
    <ClInclude Include="libraries\MathGeoLib\include\Algorithm\GJK.h">
      <Filter>Source\External Libraries\MathGeoLib</Filter>
    </ClInclude>
    <ClInclude Include="libraries\MathGeoLib\include\Algorithm\GJK2D.h">
      <Filter>Source\External Libraries\MathGeoLib</Filter>
    </ClInclude>
    <ClInclude Include="libraries\MathGeoLib\include\Algorithm\SAT.h">
      <Filter>Source\External Libraries\MathGeoLib</Filter>
    </ClInclude>
    <ClInclude Include="libraries\MathGeoLib\include\Algorithm\Random\LCG.h">
      <Filter>Source\External Libraries\MathGeoLib</Filter>
    </ClInclude>
    <ClInclude Include="libraries\MathGeoLib\include\Geometry\AABB.h">
      <Filter>Source\External Libraries\MathGeoLib</Filter>
    </ClInclude>
    <ClInclude Include="libraries\MathGeoLib\include\Geometry\AABB2D.h">
      <Filter>Source\External Libraries\MathGeoLib</Filter>
    </ClInclude>
    <ClInclude Include="libraries\MathGeoLib\include\Geometry\Capsule.h">
      <Filter>Source\External Libraries\MathGeoLib</Filter>
    </ClInclude>
    <ClInclude Include="libraries\MathGeoLib\include\Geometry\Circle.h">
      <Filter>Source\External Libraries\MathGeoLib</Filter>
    </ClInclude>
    <ClInclude Include="libraries\MathGeoLib\include\Geometry\Circle2D.h">
      <Filter>Source\External Libraries\MathGeoLib</Filter>
    </ClInclude>
    <ClInclude Include="libraries\MathGeoLib\include\Geometry\Frustum.h">
      <Filter>Source\External Libraries\MathGeoLib</Filter>
    </ClInclude>
    <ClInclude Include="libraries\MathGeoLib\include\Geometry\GeometryAll.h">
      <Filter>Source\External Libraries\MathGeoLib</Filter>
    </ClInclude>
    <ClInclude Include="libraries\MathGeoLib\include\Geometry\GeomType.h">
      <Filter>Source\External Libraries\MathGeoLib</Filter>
    </ClInclude>
    <ClInclude Include="libraries\MathGeoLib\include\Geometry\HitInfo.h">
      <Filter>Source\External Libraries\MathGeoLib</Filter>
    </ClInclude>
    <ClInclude Include="libraries\MathGeoLib\include\Geometry\KDTree.h">
      <Filter>Source\External Libraries\MathGeoLib</Filter>
    </ClInclude>
    <ClInclude Include="libraries\MathGeoLib\include\Geometry\Line.h">
      <Filter>Source\External Libraries\MathGeoLib</Filter>
    </ClInclude>
    <ClInclude Include="libraries\MathGeoLib\include\Geometry\LineSegment.h">
      <Filter>Source\External Libraries\MathGeoLib</Filter>
    </ClInclude>
    <ClInclude Include="libraries\MathGeoLib\include\Geometry\LineSegment2D.h">
      <Filter>Source\External Libraries\MathGeoLib</Filter>
    </ClInclude>
    <ClInclude Include="libraries\MathGeoLib\include\Geometry\OBB.h">
      <Filter>Source\External Libraries\MathGeoLib</Filter>
    </ClInclude>
    <ClInclude Include="libraries\MathGeoLib\include\Geometry\OBB2D.h">
      <Filter>Source\External Libraries\MathGeoLib</Filter>
    </ClInclude>
    <ClInclude Include="libraries\MathGeoLib\include\Geometry\PBVolume.h">
      <Filter>Source\External Libraries\MathGeoLib</Filter>
    </ClInclude>
    <ClInclude Include="libraries\MathGeoLib\include\Geometry\Plane.h">
      <Filter>Source\External Libraries\MathGeoLib</Filter>
    </ClInclude>
    <ClInclude Include="libraries\MathGeoLib\include\Geometry\Polygon.h">
      <Filter>Source\External Libraries\MathGeoLib</Filter>
    </ClInclude>
    <ClInclude Include="libraries\MathGeoLib\include\Geometry\Polygon2DRef.h">
      <Filter>Source\External Libraries\MathGeoLib</Filter>
    </ClInclude>
    <ClInclude Include="libraries\MathGeoLib\include\Geometry\Polyhedron.h">
      <Filter>Source\External Libraries\MathGeoLib</Filter>
    </ClInclude>
    <ClInclude Include="libraries\MathGeoLib\include\Geometry\QuadTree.h">
      <Filter>Source\External Libraries\MathGeoLib</Filter>
    </ClInclude>
    <ClInclude Include="libraries\MathGeoLib\include\Geometry\Ray.h">
      <Filter>Source\External Libraries\MathGeoLib</Filter>
    </ClInclude>
    <ClInclude Include="libraries\MathGeoLib\include\Geometry\Sphere.h">
      <Filter>Source\External Libraries\MathGeoLib</Filter>
    </ClInclude>
    <ClInclude Include="libraries\MathGeoLib\include\Geometry\Triangle.h">
      <Filter>Source\External Libraries\MathGeoLib</Filter>
    </ClInclude>
    <ClInclude Include="libraries\MathGeoLib\include\Geometry\Triangle2D.h">
      <Filter>Source\External Libraries\MathGeoLib</Filter>
    </ClInclude>
    <ClInclude Include="libraries\MathGeoLib\include\Geometry\TriangleMesh.h">
      <Filter>Source\External Libraries\MathGeoLib</Filter>
    </ClInclude>
    <ClInclude Include="libraries\MathGeoLib\include\Math\assume.h">
      <Filter>Source\External Libraries\MathGeoLib</Filter>
    </ClInclude>
    <ClInclude Include="libraries\MathGeoLib\include\Math\BitFuncs.h">
      <Filter>Source\External Libraries\MathGeoLib</Filter>
    </ClInclude>
    <ClInclude Include="libraries\MathGeoLib\include\Math\BitOps.h">
      <Filter>Source\External Libraries\MathGeoLib</Filter>
    </ClInclude>
    <ClInclude Include="libraries\MathGeoLib\include\Math\Callstack.h">
      <Filter>Source\External Libraries\MathGeoLib</Filter>
    </ClInclude>
    <ClInclude Include="libraries\MathGeoLib\include\Math\FixedPoint.h">
      <Filter>Source\External Libraries\MathGeoLib</Filter>
    </ClInclude>
    <ClInclude Include="libraries\MathGeoLib\include\Math\float2.h">
      <Filter>Source\External Libraries\MathGeoLib</Filter>
    </ClInclude>
    <ClInclude Include="libraries\MathGeoLib\include\Math\float3.h">
      <Filter>Source\External Libraries\MathGeoLib</Filter>
    </ClInclude>
    <ClInclude Include="libraries\MathGeoLib\include\Math\float3x3.h">
      <Filter>Source\External Libraries\MathGeoLib</Filter>
    </ClInclude>
    <ClInclude Include="libraries\MathGeoLib\include\Math\float3x4.h">
      <Filter>Source\External Libraries\MathGeoLib</Filter>
    </ClInclude>
    <ClInclude Include="libraries\MathGeoLib\include\Math\float4.h">
      <Filter>Source\External Libraries\MathGeoLib</Filter>
    </ClInclude>
    <ClInclude Include="libraries\MathGeoLib\include\Math\float4_neon.h">
      <Filter>Source\External Libraries\MathGeoLib</Filter>
    </ClInclude>
    <ClInclude Include="libraries\MathGeoLib\include\Math\float4_sse.h">
      <Filter>Source\External Libraries\MathGeoLib</Filter>
    </ClInclude>
    <ClInclude Include="libraries\MathGeoLib\include\Math\float4d.h">
      <Filter>Source\External Libraries\MathGeoLib</Filter>
    </ClInclude>
    <ClInclude Include="libraries\MathGeoLib\include\Math\float4x4.h">
      <Filter>Source\External Libraries\MathGeoLib</Filter>
    </ClInclude>
    <ClInclude Include="libraries\MathGeoLib\include\Math\float4x4_neon.h">
      <Filter>Source\External Libraries\MathGeoLib</Filter>
    </ClInclude>
    <ClInclude Include="libraries\MathGeoLib\include\Math\float4x4_sse.h">
      <Filter>Source\External Libraries\MathGeoLib</Filter>
    </ClInclude>
    <ClInclude Include="libraries\MathGeoLib\include\Math\FloatCmp.h">
      <Filter>Source\External Libraries\MathGeoLib</Filter>
    </ClInclude>
    <ClInclude Include="libraries\MathGeoLib\include\Math\grisu3.h">
      <Filter>Source\External Libraries\MathGeoLib</Filter>
    </ClInclude>
    <ClInclude Include="libraries\MathGeoLib\include\Math\InclWindows.h">
      <Filter>Source\External Libraries\MathGeoLib</Filter>
    </ClInclude>
    <ClInclude Include="libraries\MathGeoLib\include\Math\Interpolate.h">
      <Filter>Source\External Libraries\MathGeoLib</Filter>
    </ClInclude>
    <ClInclude Include="libraries\MathGeoLib\include\Math\MathAll.h">
      <Filter>Source\External Libraries\MathGeoLib</Filter>
    </ClInclude>
    <ClInclude Include="libraries\MathGeoLib\include\Math\MathConstants.h">
      <Filter>Source\External Libraries\MathGeoLib</Filter>
    </ClInclude>
    <ClInclude Include="libraries\MathGeoLib\include\Math\MathFunc.h">
      <Filter>Source\External Libraries\MathGeoLib</Filter>
    </ClInclude>
    <ClInclude Include="libraries\MathGeoLib\include\Math\MathLog.h">
      <Filter>Source\External Libraries\MathGeoLib</Filter>
    </ClInclude>
    <ClInclude Include="libraries\MathGeoLib\include\Math\MathNamespace.h">
      <Filter>Source\External Libraries\MathGeoLib</Filter>
    </ClInclude>
    <ClInclude Include="libraries\MathGeoLib\include\Math\MathTypes.h">
      <Filter>Source\External Libraries\MathGeoLib</Filter>
    </ClInclude>
    <ClInclude Include="libraries\MathGeoLib\include\Math\MatrixProxy.h">
      <Filter>Source\External Libraries\MathGeoLib</Filter>
    </ClInclude>
    <ClInclude Include="libraries\MathGeoLib\include\Math\MiniFloat.h">
      <Filter>Source\External Libraries\MathGeoLib</Filter>
    </ClInclude>
    <ClInclude Include="libraries\MathGeoLib\include\Math\MultiLineMacro.h">
      <Filter>Source\External Libraries\MathGeoLib</Filter>
    </ClInclude>
    <ClInclude Include="libraries\MathGeoLib\include\Math\myassert.h">
      <Filter>Source\External Libraries\MathGeoLib</Filter>
    </ClInclude>
    <ClInclude Include="libraries\MathGeoLib\include\Math\Polynomial.h">
      <Filter>Source\External Libraries\MathGeoLib</Filter>
    </ClInclude>
    <ClInclude Include="libraries\MathGeoLib\include\Math\Quat.h">
      <Filter>Source\External Libraries\MathGeoLib</Filter>
    </ClInclude>
    <ClInclude Include="libraries\MathGeoLib\include\Math\quat_simd.h">
      <Filter>Source\External Libraries\MathGeoLib</Filter>
    </ClInclude>
    <ClInclude Include="libraries\MathGeoLib\include\Math\Rect.h">
      <Filter>Source\External Libraries\MathGeoLib</Filter>
    </ClInclude>
    <ClInclude Include="libraries\MathGeoLib\include\Math\Reinterpret.h">
      <Filter>Source\External Libraries\MathGeoLib</Filter>
    </ClInclude>
    <ClInclude Include="libraries\MathGeoLib\include\Math\simd.h">
      <Filter>Source\External Libraries\MathGeoLib</Filter>
    </ClInclude>
    <ClInclude Include="libraries\MathGeoLib\include\Math\sse_mathfun.h">
      <Filter>Source\External Libraries\MathGeoLib</Filter>
    </ClInclude>
    <ClInclude Include="libraries\MathGeoLib\include\Math\SSEMath.h">
      <Filter>Source\External Libraries\MathGeoLib</Filter>
    </ClInclude>
    <ClInclude Include="libraries\MathGeoLib\include\Math\Swap.h">
      <Filter>Source\External Libraries\MathGeoLib</Filter>
    </ClInclude>
    <ClInclude Include="libraries\MathGeoLib\include\Math\TransformOps.h">
      <Filter>Source\External Libraries\MathGeoLib</Filter>
    </ClInclude>
    <ClInclude Include="libraries\MathGeoLib\include\Math\vec2d.h">
      <Filter>Source\External Libraries\MathGeoLib</Filter>
    </ClInclude>
    <ClInclude Include="libraries\MathGeoLib\include\Time\Clock.h">
      <Filter>Source\External Libraries\MathGeoLib</Filter>
    </ClInclude>
    <ClInclude Include="libraries\imGuizmo\ImCurveEdit.h">
      <Filter>Source\External Libraries\ImGuizmo</Filter>
    </ClInclude>
    <ClInclude Include="libraries\imGuizmo\ImGradient.h">
      <Filter>Source\External Libraries\ImGuizmo</Filter>
    </ClInclude>
    <ClInclude Include="libraries\imGuizmo\ImGuizmo.h">
      <Filter>Source\External Libraries\ImGuizmo</Filter>
    </ClInclude>
    <ClInclude Include="libraries\imGuizmo\ImSequencer.h">
      <Filter>Source\External Libraries\ImGuizmo</Filter>
    </ClInclude>
    <ClInclude Include="ImportSettings.h">
      <Filter>Source\Modules\Importers</Filter>
    </ClInclude>
  </ItemGroup>
  <ItemGroup>
    <Filter Include="Source">
      <UniqueIdentifier>{44480561-8743-45e5-8963-438244f50665}</UniqueIdentifier>
    </Filter>
    <Filter Include="Source\Container">
      <UniqueIdentifier>{c9211891-ccf0-4ecd-be52-ae03b4ec7185}</UniqueIdentifier>
    </Filter>
    <Filter Include="Source\External Libraries">
      <UniqueIdentifier>{3d9fdeb3-3b1f-424d-9dc8-a8f4506e5102}</UniqueIdentifier>
    </Filter>
    <Filter Include="Source\External Libraries\ImGui">
      <UniqueIdentifier>{3abc0e26-4ddb-4745-83ab-b6da02d7c0a8}</UniqueIdentifier>
    </Filter>
    <Filter Include="Source\External Libraries\glew">
      <UniqueIdentifier>{9416de3e-060b-4fce-826e-8287fb5a5e18}</UniqueIdentifier>
    </Filter>
    <Filter Include="Source\Core">
      <UniqueIdentifier>{8ffc7653-1e62-425d-a2f2-0714df0fb732}</UniqueIdentifier>
    </Filter>
    <Filter Include="Source\Modules">
      <UniqueIdentifier>{162657f9-a7a8-4838-b2a3-b0992cb2f5b0}</UniqueIdentifier>
    </Filter>
    <Filter Include="Source\Helper">
      <UniqueIdentifier>{8ee1993f-4115-4be6-be52-5cfc1e11a746}</UniqueIdentifier>
    </Filter>
    <Filter Include="Source\Tools">
      <UniqueIdentifier>{e93f45d5-40fd-47b0-8bc4-55e21e63badb}</UniqueIdentifier>
    </Filter>
    <Filter Include="Source\External Libraries\Json">
      <UniqueIdentifier>{5d054494-53f5-41af-aa3c-dd10d0f46fec}</UniqueIdentifier>
    </Filter>
    <Filter Include="Source\External Libraries\MathGeoLib">
      <UniqueIdentifier>{516b6cca-4618-4e54-952a-87d42edd858b}</UniqueIdentifier>
    </Filter>
    <Filter Include="Source\External Libraries\Assimp">
      <UniqueIdentifier>{8577efd0-635d-4dd5-bc04-f5d4da61f4ef}</UniqueIdentifier>
    </Filter>
    <Filter Include="Source\External Libraries\SDL">
      <UniqueIdentifier>{d0d944d8-8101-496e-b5a0-9c37c382a650}</UniqueIdentifier>
    </Filter>
    <Filter Include="Source\Modules\Importers">
      <UniqueIdentifier>{724f06ac-0cc8-4bd6-b74c-e91b8fd4e9d1}</UniqueIdentifier>
    </Filter>
    <Filter Include="Source\External Libraries\Devil">
      <UniqueIdentifier>{366b7c83-a60d-4d80-84b7-f9093efbd506}</UniqueIdentifier>
    </Filter>
    <Filter Include="Source\Modules\UI">
      <UniqueIdentifier>{64f4eb75-1a4d-4f1e-8399-be5519456ac2}</UniqueIdentifier>
    </Filter>
    <Filter Include="Source\Modules\UI\GameObjects">
      <UniqueIdentifier>{27439aec-a8d4-4e96-bb1e-14f52d6533dc}</UniqueIdentifier>
    </Filter>
    <Filter Include="Source\External Libraries\mmgr">
      <UniqueIdentifier>{31d518dd-d8a8-4d62-bbca-694d72a7f896}</UniqueIdentifier>
    </Filter>
    <Filter Include="Source\FileManagers">
      <UniqueIdentifier>{00a18c22-98ef-47f0-bb66-a033bffb0718}</UniqueIdentifier>
    </Filter>
    <Filter Include="Source\External Libraries\Parson">
      <UniqueIdentifier>{7cff039a-dfc6-42b2-a201-fb04702339f6}</UniqueIdentifier>
    </Filter>
    <Filter Include="Source\Components">
      <UniqueIdentifier>{1e95d1e2-293b-45e6-ba8a-fc41ebc5bdf4}</UniqueIdentifier>
    </Filter>
    <Filter Include="Source\External Libraries\PhysFS">
      <UniqueIdentifier>{89e90d3b-e174-4579-99ac-fcf897c9bdf9}</UniqueIdentifier>
    </Filter>
    <Filter Include="Source\External Libraries\ImGuizmo">
      <UniqueIdentifier>{1a96ca2a-69ae-429c-8f2b-af71792b1f39}</UniqueIdentifier>
    </Filter>
  </ItemGroup>
  <ItemGroup>
    <None Include="libraries\Assimp\Assimp\include\.editorconfig">
      <Filter>Source\External Libraries\Assimp</Filter>
    </None>
    <None Include="libraries\Assimp\Assimp\include\color4.inl">
      <Filter>Source\External Libraries\Assimp</Filter>
    </None>
    <None Include="libraries\Assimp\Assimp\include\material.inl">
      <Filter>Source\External Libraries\Assimp</Filter>
    </None>
    <None Include="libraries\Assimp\Assimp\include\matrix3x3.inl">
      <Filter>Source\External Libraries\Assimp</Filter>
    </None>
    <None Include="libraries\Assimp\Assimp\include\matrix4x4.inl">
      <Filter>Source\External Libraries\Assimp</Filter>
    </None>
    <None Include="libraries\Assimp\Assimp\include\quaternion.inl">
      <Filter>Source\External Libraries\Assimp</Filter>
    </None>
    <None Include="libraries\Assimp\Assimp\include\vector2.inl">
      <Filter>Source\External Libraries\Assimp</Filter>
    </None>
    <None Include="libraries\Assimp\Assimp\include\vector3.inl">
      <Filter>Source\External Libraries\Assimp</Filter>
    </None>
    <None Include="libraries\DevIL\include\config.h.win">
      <Filter>Source\External Libraries\Devil</Filter>
    </None>
    <None Include="libraries\Parson\LICENSE">
      <Filter>Source\External Libraries\Parson</Filter>
    </None>
    <None Include="libraries\MathGeoLib\include\Geometry\KDTree.inl">
      <Filter>Source\External Libraries\MathGeoLib</Filter>
    </None>
    <None Include="libraries\MathGeoLib\include\Geometry\QuadTree.inl">
      <Filter>Source\External Libraries\MathGeoLib</Filter>
    </None>
    <None Include="libraries\MathGeoLib\include\Geometry\TriangleMesh_IntersectRay_AVX.inl">
      <Filter>Source\External Libraries\MathGeoLib</Filter>
    </None>
    <None Include="libraries\MathGeoLib\include\Geometry\TriangleMesh_IntersectRay_CPP.inl">
      <Filter>Source\External Libraries\MathGeoLib</Filter>
    </None>
    <None Include="libraries\MathGeoLib\include\Geometry\TriangleMesh_IntersectRay_SSE.inl">
      <Filter>Source\External Libraries\MathGeoLib</Filter>
    </None>
    <None Include="libraries\MathGeoLib\include\Math\float2.inl">
      <Filter>Source\External Libraries\MathGeoLib</Filter>
    </None>
    <None Include="libraries\MathGeoLib\include\Math\Matrix.inl">
      <Filter>Source\External Libraries\MathGeoLib</Filter>
    </None>
    <None Include="libraries\imGuizmo\.editorconfig">
      <Filter>Source\External Libraries\ImGuizmo</Filter>
    </None>
    <None Include="libraries\imGuizmo\LICENSE">
      <Filter>Source\External Libraries\ImGuizmo</Filter>
    </None>
    <None Include="libraries\imGuizmo\README.md">
      <Filter>Source\External Libraries\ImGuizmo</Filter>
    </None>
  </ItemGroup>
</Project>